
Microsoft Visual Studio Solution File, Format Version 12.00
# Visual Studio Version 18
VisualStudioVersion = 18.0.11205.157 d18.0
MinimumVisualStudioVersion = 10.0.40219.1
Project("{FAE04EC0-301F-11D3-BF4B-00C04F79EFBC}") = "BOOSEapp", "BOOSEapp.csproj", "{38564362-8288-434D-8EBB-089BBCF39AFE}"
EndProject
Project("{FAE04EC0-301F-11D3-BF4B-00C04F79EFBC}") = "BOOSEappTest", "..\BOOSEappTest\BOOSEappTest.csproj", "{622A777A-04CB-44DF-A24E-B112F36746BC}"
EndProject
Global
	GlobalSection(SolutionConfigurationPlatforms) = preSolution
		Debug|Any CPU = Debug|Any CPU
		Release|Any CPU = Release|Any CPU
	EndGlobalSection
	GlobalSection(ProjectConfigurationPlatforms) = postSolution
		{38564362-8288-434D-8EBB-089BBCF39AFE}.Debug|Any CPU.ActiveCfg = Debug|Any CPU
		{38564362-8288-434D-8EBB-089BBCF39AFE}.Debug|Any CPU.Build.0 = Debug|Any CPU
		{38564362-8288-434D-8EBB-089BBCF39AFE}.Release|Any CPU.ActiveCfg = Release|Any CPU
		{38564362-8288-434D-8EBB-089BBCF39AFE}.Release|Any CPU.Build.0 = Release|Any CPU
		{622A777A-04CB-44DF-A24E-B112F36746BC}.Debug|Any CPU.ActiveCfg = Debug|Any CPU
		{622A777A-04CB-44DF-A24E-B112F36746BC}.Debug|Any CPU.Build.0 = Debug|Any CPU
		{622A777A-04CB-44DF-A24E-B112F36746BC}.Release|Any CPU.ActiveCfg = Release|Any CPU
		{622A777A-04CB-44DF-A24E-B112F36746BC}.Release|Any CPU.Build.0 = Release|Any CPU
	EndGlobalSection
	GlobalSection(SolutionProperties) = preSolution
		HideSolutionNode = FALSE
	EndGlobalSection
	GlobalSection(ExtensibilityGlobals) = postSolution
		SolutionGuid = {384179D1-4B8C-4FD9-B1FC-02B1313CB9A1}
	EndGlobalSection
EndGlobal
